# THIS IS AN AUTOGENERATED FILE. DO NOT EDIT THIS FILE DIRECTLY.
# yarn lockfile v1
axios:
  version "0.15.2"
  resolved "https://registry.yarnpkg.com/axios/-/axios-0.15.2.tgz#496f50980b2ce1ad2e195af93c2d03b4d035e90d"
  dependencies:
    follow-redirects "0.0.7"

colors:
  version "1.1.2"
  resolved "https://registry.yarnpkg.com/colors/-/colors-1.1.2.tgz#168a4701756b6a7f51a12ce0c97bfa28c084ed63"

commander:
  version "2.9.0"
  resolved "https://registry.yarnpkg.com/commander/-/commander-2.9.0.tgz#9c99094176e12240cb22d6c5146098400fe0f7d4"
  dependencies:
    graceful-readlink ">= 1.0.0"

debug@^2.2.0:
  version "2.2.0"
  resolved "https://registry.yarnpkg.com/debug/-/debug-2.2.0.tgz#f87057e995b1a1f6ae6a4960664137bc56f039da"
  dependencies:
    ms "0.7.1"

follow-redirects@0.0.7:
  version "0.0.7"
  resolved "https://registry.yarnpkg.com/follow-redirects/-/follow-redirects-0.0.7.tgz#34b90bab2a911aa347571da90f22bd36ecd8a919"
  dependencies:
    debug "^2.2.0"
    stream-consume "^0.1.0"

"graceful-readlink@>= 1.0.0":
  version "1.0.1"
  resolved "https://registry.yarnpkg.com/graceful-readlink/-/graceful-readlink-1.0.1.tgz#4cafad76bc62f02fa039b2f94e9a3dd3a391a725"

ms@0.7.1:
  version "0.7.1"
  resolved "https://registry.yarnpkg.com/ms/-/ms-0.7.1.tgz#9cd13c03adbff25b65effde7ce864ee952017098"

stream-consume@^0.1.0:
  version "0.1.0"
  resolved "https://registry.yarnpkg.com/stream-consume/-/stream-consume-0.1.0.tgz#a41ead1a6d6081ceb79f65b061901b6d8f3d1d0f"

